
Microsoft Visual Studio Solution File, Format Version 12.00
# Visual Studio 14
VisualStudioVersion = 14.0.23107.0
MinimumVisualStudioVersion = 10.0.40219.1
Project("{FAE04EC0-301F-11D3-BF4B-00C04F79EFBC}") = "DataAccessorDemo", "DataAccessorDemo\DataAccessorDemo.csproj", "{48F04FAA-DAB1-4F72-A5D7-AA2252586E6D}"
EndProject
Project("{FAE04EC0-301F-11D3-BF4B-00C04F79EFBC}") = "DataAccessorDemoTest", "DataAccessorDemoTest\DataAccessorDemoTest.csproj", "{3AE41765-66F5-45B4-BC38-2C9A201CF2F4}"
EndProject
Project("{FAE04EC0-301F-11D3-BF4B-00C04F79EFBC}") = "EFDataAccessor", "EFDataAccessor\EFDataAccessor.csproj", "{38636638-D985-433A-9645-1A605B5B2259}"
EndProject
Global
	GlobalSection(SolutionConfigurationPlatforms) = preSolution
		Debug|Any CPU = Debug|Any CPU
		Debug|x86 = Debug|x86
		Release|Any CPU = Release|Any CPU
		Release|x86 = Release|x86
	EndGlobalSection
	GlobalSection(ProjectConfigurationPlatforms) = postSolution
		{48F04FAA-DAB1-4F72-A5D7-AA2252586E6D}.Debug|Any CPU.ActiveCfg = Debug|Any CPU
		{48F04FAA-DAB1-4F72-A5D7-AA2252586E6D}.Debug|Any CPU.Build.0 = Debug|Any CPU
		{48F04FAA-DAB1-4F72-A5D7-AA2252586E6D}.Debug|x86.ActiveCfg = Debug|Any CPU
		{48F04FAA-DAB1-4F72-A5D7-AA2252586E6D}.Debug|x86.Build.0 = Debug|Any CPU
		{48F04FAA-DAB1-4F72-A5D7-AA2252586E6D}.Release|Any CPU.ActiveCfg = Release|Any CPU
		{48F04FAA-DAB1-4F72-A5D7-AA2252586E6D}.Release|Any CPU.Build.0 = Release|Any CPU
		{48F04FAA-DAB1-4F72-A5D7-AA2252586E6D}.Release|x86.ActiveCfg = Release|Any CPU
		{48F04FAA-DAB1-4F72-A5D7-AA2252586E6D}.Release|x86.Build.0 = Release|Any CPU
		{3AE41765-66F5-45B4-BC38-2C9A201CF2F4}.Debug|Any CPU.ActiveCfg = Debug|Any CPU
		{3AE41765-66F5-45B4-BC38-2C9A201CF2F4}.Debug|Any CPU.Build.0 = Debug|Any CPU
		{3AE41765-66F5-45B4-BC38-2C9A201CF2F4}.Debug|x86.ActiveCfg = Debug|Any CPU
		{3AE41765-66F5-45B4-BC38-2C9A201CF2F4}.Debug|x86.Build.0 = Debug|Any CPU
		{3AE41765-66F5-45B4-BC38-2C9A201CF2F4}.Release|Any CPU.ActiveCfg = Release|Any CPU
		{3AE41765-66F5-45B4-BC38-2C9A201CF2F4}.Release|Any CPU.Build.0 = Release|Any CPU
		{3AE41765-66F5-45B4-BC38-2C9A201CF2F4}.Release|x86.ActiveCfg = Release|Any CPU
		{3AE41765-66F5-45B4-BC38-2C9A201CF2F4}.Release|x86.Build.0 = Release|Any CPU
		{38636638-D985-433A-9645-1A605B5B2259}.Debug|Any CPU.ActiveCfg = Debug|Any CPU
		{38636638-D985-433A-9645-1A605B5B2259}.Debug|Any CPU.Build.0 = Debug|Any CPU
		{38636638-D985-433A-9645-1A605B5B2259}.Debug|x86.ActiveCfg = Debug|Any CPU
		{38636638-D985-433A-9645-1A605B5B2259}.Debug|x86.Build.0 = Debug|Any CPU
		{38636638-D985-433A-9645-1A605B5B2259}.Release|Any CPU.ActiveCfg = Release|Any CPU
		{38636638-D985-433A-9645-1A605B5B2259}.Release|Any CPU.Build.0 = Release|Any CPU
		{38636638-D985-433A-9645-1A605B5B2259}.Release|x86.ActiveCfg = Release|Any CPU
		{38636638-D985-433A-9645-1A605B5B2259}.Release|x86.Build.0 = Release|Any CPU
	EndGlobalSection
	GlobalSection(SolutionProperties) = preSolution
		HideSolutionNode = FALSE
	EndGlobalSection
EndGlobal
